
Microsoft Visual Studio Solution File, Format Version 12.00
# Visual Studio Version 16
VisualStudioVersion = 16.0.30114.105
MinimumVisualStudioVersion = 10.0.40219.1
Project("{FAE04EC0-301F-11D3-BF4B-00C04F79EFBC}") = "JKMP.Core.Analyzers", "JKMP.Core.Analyzers\JKMP.Core.Analyzers.csproj", "{7FD26C9B-E52E-4E91-9E91-2705EEBB779D}"
EndProject
Project("{FAE04EC0-301F-11D3-BF4B-00C04F79EFBC}") = "JKMP.Core.Analyzers.Tests", "JKMP.Core.Analyzers.Tests\JKMP.Core.Analyzers.Tests.csproj", "{AF7C92D5-A8CC-4F82-ADEC-97BD2278EC44}"
EndProject
Global
	GlobalSection(SolutionConfigurationPlatforms) = preSolution
		Debug|Any CPU = Debug|Any CPU
		Release|Any CPU = Release|Any CPU
	EndGlobalSection
	GlobalSection(SolutionProperties) = preSolution
		HideSolutionNode = FALSE
	EndGlobalSection
	GlobalSection(ProjectConfigurationPlatforms) = postSolution
		{7FD26C9B-E52E-4E91-9E91-2705EEBB779D}.Debug|Any CPU.ActiveCfg = Debug|Any CPU
		{7FD26C9B-E52E-4E91-9E91-2705EEBB779D}.Debug|Any CPU.Build.0 = Debug|Any CPU
		{7FD26C9B-E52E-4E91-9E91-2705EEBB779D}.Release|Any CPU.ActiveCfg = Release|Any CPU
		{7FD26C9B-E52E-4E91-9E91-2705EEBB779D}.Release|Any CPU.Build.0 = Release|Any CPU
		{AF7C92D5-A8CC-4F82-ADEC-97BD2278EC44}.Debug|Any CPU.ActiveCfg = Debug|Any CPU
		{AF7C92D5-A8CC-4F82-ADEC-97BD2278EC44}.Debug|Any CPU.Build.0 = Debug|Any CPU
		{AF7C92D5-A8CC-4F82-ADEC-97BD2278EC44}.Release|Any CPU.ActiveCfg = Release|Any CPU
		{AF7C92D5-A8CC-4F82-ADEC-97BD2278EC44}.Release|Any CPU.Build.0 = Release|Any CPU
	EndGlobalSection
EndGlobal
